// !$*UTF8*$!
{
	archiveVersion = 1;
	classes = {
	};
	objectVersion = 77;
	objects = {

/* Begin PBXBuildFile section */
		3A41C6BE2D070D16007627BE /* FirebaseAuth in Frameworks */ = {isa = PBXBuildFile; productRef = 3A41C6BD2D070D16007627BE /* FirebaseAuth */; };
		3A41C6C02D070D16007627BE /* FirebaseDatabase in Frameworks */ = {isa = PBXBuildFile; productRef = 3A41C6BF2D070D16007627BE /* FirebaseDatabase */; };
		3A41C6C22D070D16007627BE /* FirebaseFirestore in Frameworks */ = {isa = PBXBuildFile; productRef = 3A41C6C12D070D16007627BE /* FirebaseFirestore */; };
		3A41C6C42D070D16007627BE /* FirebaseStorage in Frameworks */ = {isa = PBXBuildFile; productRef = 3A41C6C32D070D16007627BE /* FirebaseStorage */; };
		3A78B0112D1B557B000CEDF5 /* SwiftCSV in Frameworks */ = {isa = PBXBuildFile; productRef = 3A78B0102D1B557B000CEDF5 /* SwiftCSV */; };
		3ABC77AA2D0CA2AB00925E71 /* SDWebImage in Frameworks */ = {isa = PBXBuildFile; productRef = 3ABC77A92D0CA2AB00925E71 /* SDWebImage */; };
		3ABC77AC2D0CA2AB00925E71 /* SDWebImageMapKit in Frameworks */ = {isa = PBXBuildFile; productRef = 3ABC77AB2D0CA2AB00925E71 /* SDWebImageMapKit */; };
/* End PBXBuildFile section */

/* Begin PBXFileReference section */
		3AEFF2102CFB91B00066E51B /* Movie Mate.app */ = {isa = PBXFileReference; explicitFileType = wrapper.application; includeInIndex = 0; path = "Movie Mate.app"; sourceTree = BUILT_PRODUCTS_DIR; };
/* End PBXFileReference section */

/* Begin PBXFileSystemSynchronizedBuildFileExceptionSet section */
		3AEFF2222CFB91B30066E51B /* Exceptions for "Movie Mate" folder in "Movie Mate" target */ = {
			isa = PBXFileSystemSynchronizedBuildFileExceptionSet;
			membershipExceptions = (
				Info.plist,
			);
			target = 3AEFF20F2CFB91B00066E51B /* Movie Mate */;
		};
/* End PBXFileSystemSynchronizedBuildFileExceptionSet section */

/* Begin PBXFileSystemSynchronizedRootGroup section */
		3AEFF2122CFB91B00066E51B /* Movie Mate */ = {
			isa = PBXFileSystemSynchronizedRootGroup;
			exceptions = (
				3AEFF2222CFB91B30066E51B /* Exceptions for "Movie Mate" folder in "Movie Mate" target */,
			);
			path = "Movie Mate";
			sourceTree = "<group>";
		};
/* End PBXFileSystemSynchronizedRootGroup section */

/* Begin PBXFrameworksBuildPhase section */
		3AEFF20D2CFB91B00066E51B /* Frameworks */ = {
			isa = PBXFrameworksBuildPhase;
			buildActionMask = 2147483647;
			files = (
				3A41C6C02D070D16007627BE /* FirebaseDatabase in Frameworks */,
				3A41C6C42D070D16007627BE /* FirebaseStorage in Frameworks */,
				3A41C6BE2D070D16007627BE /* FirebaseAuth in Frameworks */,
				3A41C6C22D070D16007627BE /* FirebaseFirestore in Frameworks */,
				3ABC77AC2D0CA2AB00925E71 /* SDWebImageMapKit in Frameworks */,
				3ABC77AA2D0CA2AB00925E71 /* SDWebImage in Frameworks */,
				3A78B0112D1B557B000CEDF5 /* SwiftCSV in Frameworks */,
			);
			runOnlyForDeploymentPostprocessing = 0;
		};
/* End PBXFrameworksBuildPhase section */

/* Begin PBXGroup section */
		3AEFF2072CFB91B00066E51B = {
			isa = PBXGroup;
			children = (
				3AEFF2122CFB91B00066E51B /* Movie Mate */,
				3AEFF2112CFB91B00066E51B /* Products */,
			);
			sourceTree = "<group>";
		};
		3AEFF2112CFB91B00066E51B /* Products */ = {
			isa = PBXGroup;
			children = (
				3AEFF2102CFB91B00066E51B /* Movie Mate.app */,
			);
			name = Products;
			sourceTree = "<group>";
		};
/* End PBXGroup section */

/* Begin PBXNativeTarget section */
		3AEFF20F2CFB91B00066E51B /* Movie Mate */ = {
			isa = PBXNativeTarget;
			buildConfigurationList = 3AEFF2232CFB91B30066E51B /* Build configuration list for PBXNativeTarget "Movie Mate" */;
			buildPhases = (
				3AEFF20C2CFB91B00066E51B /* Sources */,
				3AEFF20D2CFB91B00066E51B /* Frameworks */,
				3AEFF20E2CFB91B00066E51B /* Resources */,
			);
			buildRules = (
			);
			dependencies = (
			);
			fileSystemSynchronizedGroups = (
				3AEFF2122CFB91B00066E51B /* Movie Mate */,
			);
			name = "Movie Mate";
			packageProductDependencies = (
				3A41C6BD2D070D16007627BE /* FirebaseAuth */,
				3A41C6BF2D070D16007627BE /* FirebaseDatabase */,
				3A41C6C12D070D16007627BE /* FirebaseFirestore */,
				3A41C6C32D070D16007627BE /* FirebaseStorage */,
				3ABC77A92D0CA2AB00925E71 /* SDWebImage */,
				3ABC77AB2D0CA2AB00925E71 /* SDWebImageMapKit */,
				3A78B0102D1B557B000CEDF5 /* SwiftCSV */,
			);
			productName = "Movie Mate";
			productReference = 3AEFF2102CFB91B00066E51B /* Movie Mate.app */;
			productType = "com.apple.product-type.application";
		};
/* End PBXNativeTarget section */

/* Begin PBXProject section */
		3AEFF2082CFB91B00066E51B /* Project object */ = {
			isa = PBXProject;
			attributes = {
				BuildIndependentTargetsInParallel = 1;
				LastSwiftUpdateCheck = 1600;
				LastUpgradeCheck = 1600;
				TargetAttributes = {
					3AEFF20F2CFB91B00066E51B = {
						CreatedOnToolsVersion = 16.0;
					};
				};
			};
			buildConfigurationList = 3AEFF20B2CFB91B00066E51B /* Build configuration list for PBXProject "Movie Mate" */;
			developmentRegion = en;
			hasScannedForEncodings = 0;
			knownRegions = (
				en,
				Base,
			);
			mainGroup = 3AEFF2072CFB91B00066E51B;
			minimizedProjectReferenceProxies = 1;
			packageReferences = (
				3A41C6BC2D070D16007627BE /* XCRemoteSwiftPackageReference "firebase-ios-sdk" */,
				3ABC77A82D0CA2AB00925E71 /* XCRemoteSwiftPackageReference "SDWebImage" */,
				3A78B00F2D1B557B000CEDF5 /* XCRemoteSwiftPackageReference "SwiftCSV" */,
			);
			preferredProjectObjectVersion = 77;
			productRefGroup = 3AEFF2112CFB91B00066E51B /* Products */;
			projectDirPath = "";
			projectRoot = "";
			targets = (
				3AEFF20F2CFB91B00066E51B /* Movie Mate */,
			);
		};
/* End PBXProject section */

/* Begin PBXResourcesBuildPhase section */
		3AEFF20E2CFB91B00066E51B /* Resources */ = {
			isa = PBXResourcesBuildPhase;
			buildActionMask = 2147483647;
			files = (
			);
			runOnlyForDeploymentPostprocessing = 0;
		};
/* End PBXResourcesBuildPhase section */

/* Begin PBXSourcesBuildPhase section */
		3AEFF20C2CFB91B00066E51B /* Sources */ = {
			isa = PBXSourcesBuildPhase;
			buildActionMask = 2147483647;
			files = (
			);
			runOnlyForDeploymentPostprocessing = 0;
		};
/* End PBXSourcesBuildPhase section */

/* Begin XCBuildConfiguration section */
		3AEFF2242CFB91B30066E51B /* Debug */ = {
			isa = XCBuildConfiguration;
			buildSettings = {
				ASSETCATALOG_COMPILER_APPICON_NAME = AppIcon;
				ASSETCATALOG_COMPILER_GLOBAL_ACCENT_COLOR_NAME = AccentColor;
				CODE_SIGN_STYLE = Automatic;
				CURRENT_PROJECT_VERSION = 1;
				DEVELOPMENT_TEAM = S849W7DL9F;
				GENERATE_INFOPLIST_FILE = YES;
				INFOPLIST_FILE = "Movie Mate/Info.plist";
				INFOPLIST_KEY_UIApplicationSupportsIndirectInputEvents = YES;
				INFOPLIST_KEY_UILaunchStoryboardName = LaunchScreen;
				INFOPLIST_KEY_UIMainStoryboardFile = Main;
				INFOPLIST_KEY_UISupportedInterfaceOrientations = UIInterfaceOrientationPortrait;
				INFOPLIST_KEY_UISupportedInterfaceOrientations_iPad = "UIInterfaceOrientationLandscapeLeft UIInterfaceOrientationPortrait";
				IPHONEOS_DEPLOYMENT_TARGET = 16.6;
				LD_RUNPATH_SEARCH_PATHS = (
					"$(inherited)",
					"@executable_path/Frameworks",
				);
				MARKETING_VERSION = 1.0;
				PRODUCT_BUNDLE_IDENTIFIER = "com.firatilhan.Movie-Mate";
				PRODUCT_NAME = "$(TARGET_NAME)";
				SWIFT_EMIT_LOC_STRINGS = YES;
				SWIFT_VERSION = 5.0;
				TARGETED_DEVICE_FAMILY = "1,2";
			};
			name = Debug;
		};
		3AEFF2252CFB91B30066E51B /* Release */ = {
			isa = XCBuildConfiguration;
			buildSettings = {
				ASSETCATALOG_COMPILER_APPICON_NAME = AppIcon;
				ASSETCATALOG_COMPILER_GLOBAL_ACCENT_COLOR_NAME = AccentColor;
				CODE_SIGN_STYLE = Automatic;
				CURRENT_PROJECT_VERSION = 1;
				DEVELOPMENT_TEAM = S849W7DL9F;
				GENERATE_INFOPLIST_FILE = YES;
				INFOPLIST_FILE = "Movie Mate/Info.plist";
				INFOPLIST_KEY_UIApplicationSupportsIndirectInputEvents = YES;
				INFOPLIST_KEY_UILaunchStoryboardName = LaunchScreen;
				INFOPLIST_KEY_UIMainStoryboardFile = Main;
				INFOPLIST_KEY_UISupportedInterfaceOrientations = UIInterfaceOrientationPortrait;
				INFOPLIST_KEY_UISupportedInterfaceOrientations_iPad = "UIInterfaceOrientationLandscapeLeft UIInterfaceOrientationPortrait";
				IPHONEOS_DEPLOYMENT_TARGET = 16.6;
				LD_RUNPATH_SEARCH_PATHS = (
					"$(inherited)",
					"@executable_path/Frameworks",
				);
				MARKETING_VERSION = 1.0;
				PRODUCT_BUNDLE_IDENTIFIER = "com.firatilhan.Movie-Mate";
				PRODUCT_NAME = "$(TARGET_NAME)";
				SWIFT_EMIT_LOC_STRINGS = YES;
				SWIFT_VERSION = 5.0;
				TARGETED_DEVICE_FAMILY = "1,2";
			};
			name = Release;
		};
		3AEFF2262CFB91B30066E51B /* Debug */ = {
			isa = XCBuildConfiguration;
			buildSettings = {
				ALWAYS_SEARCH_USER_PATHS = NO;
				ASSETCATALOG_COMPILER_GENERATE_SWIFT_ASSET_SYMBOL_EXTENSIONS = YES;
				CLANG_ANALYZER_NONNULL = YES;
				CLANG_ANALYZER_NUMBER_OBJECT_CONVERSION = YES_AGGRESSIVE;
				CLANG_CXX_LANGUAGE_STANDARD = "gnu++20";
				CLANG_ENABLE_MODULES = YES;
				CLANG_ENABLE_OBJC_ARC = YES;
				CLANG_ENABLE_OBJC_WEAK = YES;
				CLANG_WARN_BLOCK_CAPTURE_AUTORELEASING = YES;
				CLANG_WARN_BOOL_CONVERSION = YES;
				CLANG_WARN_COMMA = YES;
				CLANG_WARN_CONSTANT_CONVERSION = YES;
				CLANG_WARN_DEPRECATED_OBJC_IMPLEMENTATIONS = YES;
				CLANG_WARN_DIRECT_OBJC_ISA_USAGE = YES_ERROR;
				CLANG_WARN_DOCUMENTATION_COMMENTS = YES;
				CLANG_WARN_EMPTY_BODY = YES;
				CLANG_WARN_ENUM_CONVERSION = YES;
				CLANG_WARN_INFINITE_RECURSION = YES;
				CLANG_WARN_INT_CONVERSION = YES;
				CLANG_WARN_NON_LITERAL_NULL_CONVERSION = YES;
				CLANG_WARN_OBJC_IMPLICIT_RETAIN_SELF = YES;
				CLANG_WARN_OBJC_LITERAL_CONVERSION = YES;
				CLANG_WARN_OBJC_ROOT_CLASS = YES_ERROR;
				CLANG_WARN_QUOTED_INCLUDE_IN_FRAMEWORK_HEADER = YES;
				CLANG_WARN_RANGE_LOOP_ANALYSIS = YES;
				CLANG_WARN_STRICT_PROTOTYPES = YES;
				CLANG_WARN_SUSPICIOUS_MOVE = YES;
				CLANG_WARN_UNGUARDED_AVAILABILITY = YES_AGGRESSIVE;
				CLANG_WARN_UNREACHABLE_CODE = YES;
				CLANG_WARN__DUPLICATE_METHOD_MATCH = YES;
				COPY_PHASE_STRIP = NO;
				DEBUG_INFORMATION_FORMAT = dwarf;
				ENABLE_STRICT_OBJC_MSGSEND = YES;
				ENABLE_TESTABILITY = YES;
				ENABLE_USER_SCRIPT_SANDBOXING = YES;
				GCC_C_LANGUAGE_STANDARD = gnu17;
				GCC_DYNAMIC_NO_PIC = NO;
				GCC_NO_COMMON_BLOCKS = YES;
				GCC_OPTIMIZATION_LEVEL = 0;
				GCC_PREPROCESSOR_DEFINITIONS = (
					"DEBUG=1",
					"$(inherited)",
				);
				GCC_WARN_64_TO_32_BIT_CONVERSION = YES;
				GCC_WARN_ABOUT_RETURN_TYPE = YES_ERROR;
				GCC_WARN_UNDECLARED_SELECTOR = YES;
				GCC_WARN_UNINITIALIZED_AUTOS = YES_AGGRESSIVE;
				GCC_WARN_UNUSED_FUNCTION = YES;
				GCC_WARN_UNUSED_VARIABLE = YES;
				IPHONEOS_DEPLOYMENT_TARGET = 18.0;
				LOCALIZATION_PREFERS_STRING_CATALOGS = YES;
				MTL_ENABLE_DEBUG_INFO = INCLUDE_SOURCE;
				MTL_FAST_MATH = YES;
				ONLY_ACTIVE_ARCH = YES;
				SDKROOT = iphoneos;
				SWIFT_ACTIVE_COMPILATION_CONDITIONS = "DEBUG $(inherited)";
				SWIFT_OPTIMIZATION_LEVEL = "-Onone";
			};
			name = Debug;
		};
		3AEFF2272CFB91B30066E51B /* Release */ = {
			isa = XCBuildConfiguration;
			buildSettings = {
				ALWAYS_SEARCH_USER_PATHS = NO;
				ASSETCATALOG_COMPILER_GENERATE_SWIFT_ASSET_SYMBOL_EXTENSIONS = YES;
				CLANG_ANALYZER_NONNULL = YES;
				CLANG_ANALYZER_NUMBER_OBJECT_CONVERSION = YES_AGGRESSIVE;
				CLANG_CXX_LANGUAGE_STANDARD = "gnu++20";
				CLANG_ENABLE_MODULES = YES;
				CLANG_ENABLE_OBJC_ARC = YES;
				CLANG_ENABLE_OBJC_WEAK = YES;
				CLANG_WARN_BLOCK_CAPTURE_AUTORELEASING = YES;
				CLANG_WARN_BOOL_CONVERSION = YES;
				CLANG_WARN_COMMA = YES;
				CLANG_WARN_CONSTANT_CONVERSION = YES;
				CLANG_WARN_DEPRECATED_OBJC_IMPLEMENTATIONS = YES;
				CLANG_WARN_DIRECT_OBJC_ISA_USAGE = YES_ERROR;
				CLANG_WARN_DOCUMENTATION_COMMENTS = YES;
				CLANG_WARN_EMPTY_BODY = YES;
				CLANG_WARN_ENUM_CONVERSION = YES;
				CLANG_WARN_INFINITE_RECURSION = YES;
				CLANG_WARN_INT_CONVERSION = YES;
				CLANG_WARN_NON_LITERAL_NULL_CONVERSION = YES;
				CLANG_WARN_OBJC_IMPLICIT_RETAIN_SELF = YES;
				CLANG_WARN_OBJC_LITERAL_CONVERSION = YES;
				CLANG_WARN_OBJC_ROOT_CLASS = YES_ERROR;
				CLANG_WARN_QUOTED_INCLUDE_IN_FRAMEWORK_HEADER = YES;
				CLANG_WARN_RANGE_LOOP_ANALYSIS = YES;
				CLANG_WARN_STRICT_PROTOTYPES = YES;
				CLANG_WARN_SUSPICIOUS_MOVE = YES;
				CLANG_WARN_UNGUARDED_AVAILABILITY = YES_AGGRESSIVE;
				CLANG_WARN_UNREACHABLE_CODE = YES;
				CLANG_WARN__DUPLICATE_METHOD_MATCH = YES;
				COPY_PHASE_STRIP = NO;
				DEBUG_INFORMATION_FORMAT = "dwarf-with-dsym";
				ENABLE_NS_ASSERTIONS = NO;
				ENABLE_STRICT_OBJC_MSGSEND = YES;
				ENABLE_USER_SCRIPT_SANDBOXING = YES;
				GCC_C_LANGUAGE_STANDARD = gnu17;
				GCC_NO_COMMON_BLOCKS = YES;
				GCC_WARN_64_TO_32_BIT_CONVERSION = YES;
				GCC_WARN_ABOUT_RETURN_TYPE = YES_ERROR;
				GCC_WARN_UNDECLARED_SELECTOR = YES;
				GCC_WARN_UNINITIALIZED_AUTOS = YES_AGGRESSIVE;
				GCC_WARN_UNUSED_FUNCTION = YES;
				GCC_WARN_UNUSED_VARIABLE = YES;
				IPHONEOS_DEPLOYMENT_TARGET = 18.0;
				LOCALIZATION_PREFERS_STRING_CATALOGS = YES;
				MTL_ENABLE_DEBUG_INFO = NO;
				MTL_FAST_MATH = YES;
				SDKROOT = iphoneos;
				SWIFT_COMPILATION_MODE = wholemodule;
				VALIDATE_PRODUCT = YES;
			};
			name = Release;
		};
/* End XCBuildConfiguration section */

/* Begin XCConfigurationList section */
		3AEFF20B2CFB91B00066E51B /* Build configuration list for PBXProject "Movie Mate" */ = {
			isa = XCConfigurationList;
			buildConfigurations = (
				3AEFF2262CFB91B30066E51B /* Debug */,
				3AEFF2272CFB91B30066E51B /* Release */,
			);
			defaultConfigurationIsVisible = 0;
			defaultConfigurationName = Release;
		};
		3AEFF2232CFB91B30066E51B /* Build configuration list for PBXNativeTarget "Movie Mate" */ = {
			isa = XCConfigurationList;
			buildConfigurations = (
				3AEFF2242CFB91B30066E51B /* Debug */,
				3AEFF2252CFB91B30066E51B /* Release */,
			);
			defaultConfigurationIsVisible = 0;
			defaultConfigurationName = Release;
		};
/* End XCConfigurationList section */

/* Begin XCRemoteSwiftPackageReference section */
		3A41C6BC2D070D16007627BE /* XCRemoteSwiftPackageReference "firebase-ios-sdk" */ = {
			isa = XCRemoteSwiftPackageReference;
			repositoryURL = "https://github.com/firebase/firebase-ios-sdk";
			requirement = {
				kind = upToNextMajorVersion;
				minimumVersion = 11.6.0;
			};
		};
		3A78B00F2D1B557B000CEDF5 /* XCRemoteSwiftPackageReference "SwiftCSV" */ = {
			isa = XCRemoteSwiftPackageReference;
			repositoryURL = "https://github.com/swiftcsv/SwiftCSV.git";
			requirement = {
				kind = upToNextMajorVersion;
				minimumVersion = 0.10.0;
			};
		};
		3ABC77A82D0CA2AB00925E71 /* XCRemoteSwiftPackageReference "SDWebImage" */ = {
			isa = XCRemoteSwiftPackageReference;
			repositoryURL = "https://github.com/SDWebImage/SDWebImage";
			requirement = {
				kind = upToNextMajorVersion;
				minimumVersion = 5.20.0;
			};
		};
/* End XCRemoteSwiftPackageReference section */

/* Begin XCSwiftPackageProductDependency section */
		3A41C6BD2D070D16007627BE /* FirebaseAuth */ = {
			isa = XCSwiftPackageProductDependency;
			package = 3A41C6BC2D070D16007627BE /* XCRemoteSwiftPackageReference "firebase-ios-sdk" */;
			productName = FirebaseAuth;
		};
		3A41C6BF2D070D16007627BE /* FirebaseDatabase */ = {
			isa = XCSwiftPackageProductDependency;
			package = 3A41C6BC2D070D16007627BE /* XCRemoteSwiftPackageReference "firebase-ios-sdk" */;
			productName = FirebaseDatabase;
		};
		3A41C6C12D070D16007627BE /* FirebaseFirestore */ = {
			isa = XCSwiftPackageProductDependency;
			package = 3A41C6BC2D070D16007627BE /* XCRemoteSwiftPackageReference "firebase-ios-sdk" */;
			productName = FirebaseFirestore;
		};
		3A41C6C32D070D16007627BE /* FirebaseStorage */ = {
			isa = XCSwiftPackageProductDependency;
			package = 3A41C6BC2D070D16007627BE /* XCRemoteSwiftPackageReference "firebase-ios-sdk" */;
			productName = FirebaseStorage;
		};
		3A78B0102D1B557B000CEDF5 /* SwiftCSV */ = {
			isa = XCSwiftPackageProductDependency;
			package = 3A78B00F2D1B557B000CEDF5 /* XCRemoteSwiftPackageReference "SwiftCSV" */;
			productName = SwiftCSV;
		};
		3ABC77A92D0CA2AB00925E71 /* SDWebImage */ = {
			isa = XCSwiftPackageProductDependency;
			package = 3ABC77A82D0CA2AB00925E71 /* XCRemoteSwiftPackageReference "SDWebImage" */;
			productName = SDWebImage;
		};
		3ABC77AB2D0CA2AB00925E71 /* SDWebImageMapKit */ = {
			isa = XCSwiftPackageProductDependency;
			package = 3ABC77A82D0CA2AB00925E71 /* XCRemoteSwiftPackageReference "SDWebImage" */;
			productName = SDWebImageMapKit;
		};
/* End XCSwiftPackageProductDependency section */
	};
	rootObject = 3AEFF2082CFB91B00066E51B /* Project object */;
}
